<Solution>
  <Project Path="Abdulhadi.Foundation.Identity.Api/Abdulhadi.Foundation.Identity.Api.csproj" />
  <Project Path="Abdulhadi.Foundation.Identity.Application/Abdulhadi.Foundation.Identity.Application.csproj" />
  <Project Path="Abdulhadi.Foundation.Identity.Domain/Abdulhadi.Foundation.Identity.Domain.csproj" />
  <Project Path="Abdulhadi.Foundation.Identity.Infrastructure/Abdulhadi.Foundation.Identity.Infrastructure.csproj" />
  <Project Path="BuildingBlocks.Auditing/BuildingBlocks.Auditing.csproj" />
  <Project Path="BuildingBlocks.Identity/BuildingBlocks.Identity.csproj" />
  <Project Path="BuildingBlocks.Logging/BuildingBlocks.Logging.csproj" />
  <Project Path="BuildingBlocks.Monitoring/BuildingBlocks.Monitoring.csproj" />
  <Project Path="BuildingBlocks.Shared.API/BuildingBlocks.Shared.API.csproj" />
  <Project Path="BuildingBlocks.Shared.Contracts/BuildingBlocks.Shared.Contracts.csproj" />
  <Project Path="BuildingBlocks.Shared.Core/BuildingBlocks.Shared.Core.csproj" />
</Solution>
